https://github.com/macro187/MacroConsole.git master bf670ca51bf2629f44901e9904c815681e5a0f48
https://github.com/macro187/MacroExceptions.git master 2380c7b3abe1ab8f2183512440802d4b79ae53d4
https://github.com/macro187/MacroGit.git master ccb7ca198aa247c057f73a5e2b85c0680c57ca7e
https://github.com/macro187/MacroGuards.git master c3d8ede69630b121219ccd2ba4dae2b985cd9ff6
https://github.com/macro187/MacroIO.git master 053c3e04d87e1f1776a660c92914f4acb5de3098
https://github.com/macro187/MacroSemver.git master 070435c8f460433045e8c26ad3c9f69a93063755
https://github.com/macro187/MacroSln.git master 10c7c25e2d3b1fd20cbe110af704868af1206f19
https://github.com/macro187/MacroSystem.git master 9fbb6b1221d371e47f38dcbef654ce0645f60acd
https://github.com/macro187/MacroDiagnostics.git master ba9b82bad87ff0cefb49e2e70f59cd4855d65b9d
https://github.com/macro187/MacroCollections.git master 2fbc68874a5daf32965d1137daacbfbd9fbae563
