https://github.com/macro187/macro-sharp.git master 0e2e24b24b436bc0a4eef216c8ba616cc33d84e7
https://github.com/macro187/macro-sharp-git.git master 8bebcbd5f6e3fe3e9ab2a28693bfbcd15419bbcd
https://github.com/macro187/macro-sharp-sln.git master d2db466391eb16e54fe25d7a0074162ae9d653af
https://github.com/macro187/macro-sharp-console.git master d204af63773fbb25b52a2ba1fd71bb858dedcba8
https://github.com/macro187/semver.git nugit bfdae1e0f42be30b38e64e5ed4a496d0138bdab6
