https://github.com/macro187/MacroConsole.git master 65bd9a54385aed6e520dfe6e3b3de67616e8d677
https://github.com/macro187/MacroExceptions.git master ffd8b2c741fad46cc076c87257dadeea64b60eda
https://github.com/macro187/MacroGit.git master ab39f7f9e14cd0b0190f45eeded2294a362907e3
https://github.com/macro187/MacroGuards.git master a558780e7ad8d13d85b7b0948a4bf7d0ca4eedd5
https://github.com/macro187/MacroIO.git master 6380527b823b1abf288792a1b1faef3beb5881b5
https://github.com/macro187/MacroSemver.git master edc323b1f1a2a68fcec4135f4ead2ff5ccaa645f
https://github.com/macro187/MacroSln.git master d5614765891e00c30471bf1b04357c7e870566f9
https://github.com/macro187/MacroSystem.git master df3f446d58e51f659d0ba4b54f288cf5dd5e4b43
https://github.com/macro187/MacroDiagnostics.git master 9d1603ee9cf34d9efdb3be562b1fae1708712829
https://github.com/macro187/MacroCollections.git master 931aafadb5ba150904dcf22bb09e7227072c9df5
