
Microsoft Visual Studio Solution File, Format Version 12.00
# Visual Studio 14
VisualStudioVersion = 14.0.25420.1
MinimumVisualStudioVersion = 10.0.40219.1
Project("{FAE04EC0-301F-11D3-BF4B-00C04F79EFBC}") = "verbot", "verbot\verbot.csproj", "{F06F62BA-78B4-4D83-9A27-1EA997938924}"
EndProject
Project("{2150E333-8FDC-42A3-9474-1A3956D46DE8}") = "Solution Items", "Solution Items", "{99B21B55-4E2D-4B1A-AA3A-D86F67058C56}"
	ProjectSection(SolutionItems) = preProject
		.gitignore = .gitignore
		.nugit = .nugit
		license.txt = license.txt
		readme.md = readme.md
	EndProjectSection
EndProject
Project("{2150E333-8FDC-42A3-9474-1A3956D46DE8}") = "nugit-macro-sharp", "nugit-macro-sharp", "{5EB3ABF1-281D-4C0B-B0E5-133C4F5B49F2}"
EndProject
Project("{FAE04EC0-301F-11D3-BF4B-00C04F79EFBC}") = "MacroAttributeGuards", "..\macro-sharp\MacroAttributeGuards\MacroAttributeGuards.csproj", "{B06AECBA-46E8-41A4-B64A-21D8D8125EEC}"
EndProject
Project("{FAE04EC0-301F-11D3-BF4B-00C04F79EFBC}") = "MacroCollections", "..\macro-sharp\MacroCollections\MacroCollections.csproj", "{59AB63BF-EB32-48B3-917C-37E1AED9B999}"
EndProject
Project("{FAE04EC0-301F-11D3-BF4B-00C04F79EFBC}") = "MacroDiagnostics", "..\macro-sharp\MacroDiagnostics\MacroDiagnostics.csproj", "{650A86C2-C971-48DE-8DF1-13970BC9D3C2}"
EndProject
Project("{FAE04EC0-301F-11D3-BF4B-00C04F79EFBC}") = "MacroExceptions", "..\macro-sharp\MacroExceptions\MacroExceptions.csproj", "{25B573FB-1FB2-4BAE-A118-B633D31CF991}"
EndProject
Project("{FAE04EC0-301F-11D3-BF4B-00C04F79EFBC}") = "MacroGuards", "..\macro-sharp\MacroGuards\MacroGuards.csproj", "{0049D988-2426-45B0-8FDA-EAB78622D887}"
EndProject
Project("{FAE04EC0-301F-11D3-BF4B-00C04F79EFBC}") = "MacroIO", "..\macro-sharp\MacroIO\MacroIO.csproj", "{3515E94D-D914-40E3-B0B4-16DDD2BD477F}"
EndProject
Project("{FAE04EC0-301F-11D3-BF4B-00C04F79EFBC}") = "MacroSystem", "..\macro-sharp\MacroSystem\MacroSystem.csproj", "{4B9B553A-B600-4DAE-AC79-1D0CB0B35584}"
EndProject
Project("{2150E333-8FDC-42A3-9474-1A3956D46DE8}") = "nugit-macro-sharp-git", "nugit-macro-sharp-git", "{52D1F34A-CEEF-42C0-84BA-EA016FBC4121}"
EndProject
Project("{FAE04EC0-301F-11D3-BF4B-00C04F79EFBC}") = "MacroGit", "..\macro-sharp-git\MacroGit\MacroGit.csproj", "{2852B710-2752-4F72-963C-46D92F6C5C2E}"
EndProject
Project("{2150E333-8FDC-42A3-9474-1A3956D46DE8}") = "nugit-macro-sharp-sln", "nugit-macro-sharp-sln", "{29A4E423-F1BD-4434-A486-3A62122531BF}"
EndProject
Project("{FAE04EC0-301F-11D3-BF4B-00C04F79EFBC}") = "MacroSln", "..\macro-sharp-sln\MacroSln\MacroSln.csproj", "{DB791E76-82A9-449A-8E3D-AA433A664AD8}"
EndProject
Project("{2150E333-8FDC-42A3-9474-1A3956D46DE8}") = "nugit-macro-sharp-console", "nugit-macro-sharp-console", "{FF8E0DE4-B729-4A12-A71D-4E0CCCDF51D2}"
EndProject
Project("{FAE04EC0-301F-11D3-BF4B-00C04F79EFBC}") = "MacroConsole", "..\macro-sharp-console\MacroConsole\MacroConsole.csproj", "{D6B3952F-D41F-4CE8-9173-448D01E7BB08}"
EndProject
Global
	GlobalSection(SolutionConfigurationPlatforms) = preSolution
		Debug|Any CPU = Debug|Any CPU
		Release|Any CPU = Release|Any CPU
	EndGlobalSection
	GlobalSection(ProjectConfigurationPlatforms) = postSolution
		{F06F62BA-78B4-4D83-9A27-1EA997938924}.Debug|Any CPU.ActiveCfg = Debug|Any CPU
		{F06F62BA-78B4-4D83-9A27-1EA997938924}.Debug|Any CPU.Build.0 = Debug|Any CPU
		{F06F62BA-78B4-4D83-9A27-1EA997938924}.Release|Any CPU.ActiveCfg = Release|Any CPU
		{F06F62BA-78B4-4D83-9A27-1EA997938924}.Release|Any CPU.Build.0 = Release|Any CPU
		{B06AECBA-46E8-41A4-B64A-21D8D8125EEC}.Debug|Any CPU.ActiveCfg = Debug|Any CPU
		{B06AECBA-46E8-41A4-B64A-21D8D8125EEC}.Debug|Any CPU.Build.0 = Debug|Any CPU
		{B06AECBA-46E8-41A4-B64A-21D8D8125EEC}.Release|Any CPU.ActiveCfg = Release|Any CPU
		{B06AECBA-46E8-41A4-B64A-21D8D8125EEC}.Release|Any CPU.Build.0 = Release|Any CPU
		{59AB63BF-EB32-48B3-917C-37E1AED9B999}.Debug|Any CPU.ActiveCfg = Debug|Any CPU
		{59AB63BF-EB32-48B3-917C-37E1AED9B999}.Debug|Any CPU.Build.0 = Debug|Any CPU
		{59AB63BF-EB32-48B3-917C-37E1AED9B999}.Release|Any CPU.ActiveCfg = Release|Any CPU
		{59AB63BF-EB32-48B3-917C-37E1AED9B999}.Release|Any CPU.Build.0 = Release|Any CPU
		{650A86C2-C971-48DE-8DF1-13970BC9D3C2}.Debug|Any CPU.ActiveCfg = Debug|Any CPU
		{650A86C2-C971-48DE-8DF1-13970BC9D3C2}.Debug|Any CPU.Build.0 = Debug|Any CPU
		{650A86C2-C971-48DE-8DF1-13970BC9D3C2}.Release|Any CPU.ActiveCfg = Release|Any CPU
		{650A86C2-C971-48DE-8DF1-13970BC9D3C2}.Release|Any CPU.Build.0 = Release|Any CPU
		{25B573FB-1FB2-4BAE-A118-B633D31CF991}.Debug|Any CPU.ActiveCfg = Debug|Any CPU
		{25B573FB-1FB2-4BAE-A118-B633D31CF991}.Debug|Any CPU.Build.0 = Debug|Any CPU
		{25B573FB-1FB2-4BAE-A118-B633D31CF991}.Release|Any CPU.ActiveCfg = Release|Any CPU
		{25B573FB-1FB2-4BAE-A118-B633D31CF991}.Release|Any CPU.Build.0 = Release|Any CPU
		{0049D988-2426-45B0-8FDA-EAB78622D887}.Debug|Any CPU.ActiveCfg = Debug|Any CPU
		{0049D988-2426-45B0-8FDA-EAB78622D887}.Debug|Any CPU.Build.0 = Debug|Any CPU
		{0049D988-2426-45B0-8FDA-EAB78622D887}.Release|Any CPU.ActiveCfg = Release|Any CPU
		{0049D988-2426-45B0-8FDA-EAB78622D887}.Release|Any CPU.Build.0 = Release|Any CPU
		{3515E94D-D914-40E3-B0B4-16DDD2BD477F}.Debug|Any CPU.ActiveCfg = Debug|Any CPU
		{3515E94D-D914-40E3-B0B4-16DDD2BD477F}.Debug|Any CPU.Build.0 = Debug|Any CPU
		{3515E94D-D914-40E3-B0B4-16DDD2BD477F}.Release|Any CPU.ActiveCfg = Release|Any CPU
		{3515E94D-D914-40E3-B0B4-16DDD2BD477F}.Release|Any CPU.Build.0 = Release|Any CPU
		{4B9B553A-B600-4DAE-AC79-1D0CB0B35584}.Debug|Any CPU.ActiveCfg = Debug|Any CPU
		{4B9B553A-B600-4DAE-AC79-1D0CB0B35584}.Debug|Any CPU.Build.0 = Debug|Any CPU
		{4B9B553A-B600-4DAE-AC79-1D0CB0B35584}.Release|Any CPU.ActiveCfg = Release|Any CPU
		{4B9B553A-B600-4DAE-AC79-1D0CB0B35584}.Release|Any CPU.Build.0 = Release|Any CPU
		{2852B710-2752-4F72-963C-46D92F6C5C2E}.Debug|Any CPU.ActiveCfg = Debug|Any CPU
		{2852B710-2752-4F72-963C-46D92F6C5C2E}.Debug|Any CPU.Build.0 = Debug|Any CPU
		{2852B710-2752-4F72-963C-46D92F6C5C2E}.Release|Any CPU.ActiveCfg = Release|Any CPU
		{2852B710-2752-4F72-963C-46D92F6C5C2E}.Release|Any CPU.Build.0 = Release|Any CPU
		{DB791E76-82A9-449A-8E3D-AA433A664AD8}.Debug|Any CPU.ActiveCfg = Debug|Any CPU
		{DB791E76-82A9-449A-8E3D-AA433A664AD8}.Debug|Any CPU.Build.0 = Debug|Any CPU
		{DB791E76-82A9-449A-8E3D-AA433A664AD8}.Release|Any CPU.ActiveCfg = Release|Any CPU
		{DB791E76-82A9-449A-8E3D-AA433A664AD8}.Release|Any CPU.Build.0 = Release|Any CPU
		{D6B3952F-D41F-4CE8-9173-448D01E7BB08}.Debug|Any CPU.ActiveCfg = Debug|Any CPU
		{D6B3952F-D41F-4CE8-9173-448D01E7BB08}.Debug|Any CPU.Build.0 = Debug|Any CPU
		{D6B3952F-D41F-4CE8-9173-448D01E7BB08}.Release|Any CPU.ActiveCfg = Release|Any CPU
		{D6B3952F-D41F-4CE8-9173-448D01E7BB08}.Release|Any CPU.Build.0 = Release|Any CPU
	EndGlobalSection
	GlobalSection(SolutionProperties) = preSolution
		HideSolutionNode = FALSE
	EndGlobalSection
	GlobalSection(NestedProjects) = preSolution
		{B06AECBA-46E8-41A4-B64A-21D8D8125EEC} = {5EB3ABF1-281D-4C0B-B0E5-133C4F5B49F2}
		{59AB63BF-EB32-48B3-917C-37E1AED9B999} = {5EB3ABF1-281D-4C0B-B0E5-133C4F5B49F2}
		{650A86C2-C971-48DE-8DF1-13970BC9D3C2} = {5EB3ABF1-281D-4C0B-B0E5-133C4F5B49F2}
		{25B573FB-1FB2-4BAE-A118-B633D31CF991} = {5EB3ABF1-281D-4C0B-B0E5-133C4F5B49F2}
		{0049D988-2426-45B0-8FDA-EAB78622D887} = {5EB3ABF1-281D-4C0B-B0E5-133C4F5B49F2}
		{3515E94D-D914-40E3-B0B4-16DDD2BD477F} = {5EB3ABF1-281D-4C0B-B0E5-133C4F5B49F2}
		{4B9B553A-B600-4DAE-AC79-1D0CB0B35584} = {5EB3ABF1-281D-4C0B-B0E5-133C4F5B49F2}
		{2852B710-2752-4F72-963C-46D92F6C5C2E} = {52D1F34A-CEEF-42C0-84BA-EA016FBC4121}
		{DB791E76-82A9-449A-8E3D-AA433A664AD8} = {29A4E423-F1BD-4434-A486-3A62122531BF}
		{D6B3952F-D41F-4CE8-9173-448D01E7BB08} = {FF8E0DE4-B729-4A12-A71D-4E0CCCDF51D2}
	EndGlobalSection
EndGlobal
