
Microsoft Visual Studio Solution File, Format Version 12.00
# Visual Studio 15
VisualStudioVersion = 15.0.27130.2020
MinimumVisualStudioVersion = 15.0.26124.0
Project("{9A19103F-16F7-4668-BE54-9A1E7A4F7556}") = "Verbot", "Verbot\Verbot.csproj", "{FFB3287D-6F68-4844-802A-84D6366036FB}"
EndProject
Project("{2150E333-8FDC-42A3-9474-1A3956D46DE8}") = "Solution Items", "Solution Items", "{798DBA10-7026-4EB9-BB8D-DF67ABC51221}"
	ProjectSection(SolutionItems) = preProject
		.gitignore = .gitignore
		.nugit = .nugit
		.produce = .produce
		license.txt = license.txt
		readme.md = readme.md
	EndProjectSection
EndProject
Project("{2150E333-8FDC-42A3-9474-1A3956D46DE8}") = "nugit-MacroConsole", "nugit-MacroConsole", "{A2A094E7-7391-4460-BAB2-3A3BDE6A08C5}"
EndProject
Project("{9A19103F-16F7-4668-BE54-9A1E7A4F7556}") = "MacroConsole", "..\MacroConsole\MacroConsole\MacroConsole.csproj", "{D4AF53C5-AE06-4572-AFFF-BD0FFAA11FCF}"
EndProject
Project("{2150E333-8FDC-42A3-9474-1A3956D46DE8}") = "nugit-MacroExceptions", "nugit-MacroExceptions", "{0F9F4A75-5B75-424D-9417-CED857051BCD}"
EndProject
Project("{9A19103F-16F7-4668-BE54-9A1E7A4F7556}") = "MacroExceptions", "..\MacroExceptions\MacroExceptions\MacroExceptions.csproj", "{F08677E5-1D82-4586-AE1D-D1AC369A2B39}"
EndProject
Project("{2150E333-8FDC-42A3-9474-1A3956D46DE8}") = "nugit-MacroGit", "nugit-MacroGit", "{D9EC6833-6D72-4CC2-B8B5-A2388E3A8993}"
EndProject
Project("{9A19103F-16F7-4668-BE54-9A1E7A4F7556}") = "MacroGit", "..\MacroGit\MacroGit\MacroGit.csproj", "{5AEDE211-FDEC-47F6-B27F-20E72AB7376C}"
EndProject
Project("{2150E333-8FDC-42A3-9474-1A3956D46DE8}") = "nugit-MacroGuards", "nugit-MacroGuards", "{62F0EAEB-6D6C-45C1-AECD-BC8A7954CF82}"
EndProject
Project("{9A19103F-16F7-4668-BE54-9A1E7A4F7556}") = "MacroGuards", "..\MacroGuards\MacroGuards\MacroGuards.csproj", "{EADBBE65-3D8A-42E8-AB55-9E4F6CC24C9B}"
EndProject
Project("{2150E333-8FDC-42A3-9474-1A3956D46DE8}") = "nugit-MacroIO", "nugit-MacroIO", "{8E35C905-47DE-4768-92BF-7C833E5C8C34}"
EndProject
Project("{9A19103F-16F7-4668-BE54-9A1E7A4F7556}") = "MacroIO", "..\MacroIO\MacroIO\MacroIO.csproj", "{94237EBB-D843-4575-8426-09B7E4524AF9}"
EndProject
Project("{2150E333-8FDC-42A3-9474-1A3956D46DE8}") = "nugit-MacroSemver", "nugit-MacroSemver", "{7DA7841E-F7CC-4EA8-8CFA-2BBC1B77EF9E}"
EndProject
Project("{9A19103F-16F7-4668-BE54-9A1E7A4F7556}") = "MacroSemver", "..\MacroSemver\MacroSemver\MacroSemver.csproj", "{1A22006C-21CE-4739-AA68-DCC777EC01C9}"
EndProject
Project("{2150E333-8FDC-42A3-9474-1A3956D46DE8}") = "nugit-MacroSln", "nugit-MacroSln", "{CB0F18E4-F9CA-4BB5-AA89-DE6213D39BAA}"
EndProject
Project("{9A19103F-16F7-4668-BE54-9A1E7A4F7556}") = "MacroSln", "..\MacroSln\MacroSln\MacroSln.csproj", "{543FD139-7A18-4291-BCBD-1D1CEB01F0BE}"
EndProject
Project("{2150E333-8FDC-42A3-9474-1A3956D46DE8}") = "nugit-MacroSystem", "nugit-MacroSystem", "{5EB1CD47-6BC8-4ED9-8941-061EEBABB086}"
EndProject
Project("{9A19103F-16F7-4668-BE54-9A1E7A4F7556}") = "MacroSystem", "..\MacroSystem\MacroSystem\MacroSystem.csproj", "{7C2D7D47-3718-4D2B-BE57-2276C06E7F34}"
EndProject
Project("{2150E333-8FDC-42A3-9474-1A3956D46DE8}") = "nugit-MacroDiagnostics", "nugit-MacroDiagnostics", "{B57922B4-D24C-47D4-95A4-1F8084FEC601}"
EndProject
Project("{9A19103F-16F7-4668-BE54-9A1E7A4F7556}") = "MacroDiagnostics", "..\MacroDiagnostics\MacroDiagnostics\MacroDiagnostics.csproj", "{4FBB2B55-961C-4C23-976C-9BA4E9208D73}"
EndProject
Project("{2150E333-8FDC-42A3-9474-1A3956D46DE8}") = "nugit-MacroCollections", "nugit-MacroCollections", "{DACF24CC-8E71-4F02-8849-33E1A3039D78}"
EndProject
Project("{9A19103F-16F7-4668-BE54-9A1E7A4F7556}") = "MacroCollections", "..\MacroCollections\MacroCollections\MacroCollections.csproj", "{A28ABFA7-7C10-4BAB-B75C-1304F3FB5656}"
EndProject
Global
	GlobalSection(SolutionConfigurationPlatforms) = preSolution
		Debug|Any CPU = Debug|Any CPU
		Release|Any CPU = Release|Any CPU
	EndGlobalSection
	GlobalSection(ProjectConfigurationPlatforms) = postSolution
		{FFB3287D-6F68-4844-802A-84D6366036FB}.Debug|Any CPU.ActiveCfg = Debug|Any CPU
		{FFB3287D-6F68-4844-802A-84D6366036FB}.Debug|Any CPU.Build.0 = Debug|Any CPU
		{FFB3287D-6F68-4844-802A-84D6366036FB}.Release|Any CPU.ActiveCfg = Release|Any CPU
		{FFB3287D-6F68-4844-802A-84D6366036FB}.Release|Any CPU.Build.0 = Release|Any CPU
		{D4AF53C5-AE06-4572-AFFF-BD0FFAA11FCF}.Debug|Any CPU.ActiveCfg = Debug|Any CPU
		{D4AF53C5-AE06-4572-AFFF-BD0FFAA11FCF}.Debug|Any CPU.Build.0 = Debug|Any CPU
		{D4AF53C5-AE06-4572-AFFF-BD0FFAA11FCF}.Release|Any CPU.ActiveCfg = Release|Any CPU
		{D4AF53C5-AE06-4572-AFFF-BD0FFAA11FCF}.Release|Any CPU.Build.0 = Release|Any CPU
		{F08677E5-1D82-4586-AE1D-D1AC369A2B39}.Debug|Any CPU.ActiveCfg = Debug|Any CPU
		{F08677E5-1D82-4586-AE1D-D1AC369A2B39}.Debug|Any CPU.Build.0 = Debug|Any CPU
		{F08677E5-1D82-4586-AE1D-D1AC369A2B39}.Release|Any CPU.ActiveCfg = Release|Any CPU
		{F08677E5-1D82-4586-AE1D-D1AC369A2B39}.Release|Any CPU.Build.0 = Release|Any CPU
		{5AEDE211-FDEC-47F6-B27F-20E72AB7376C}.Debug|Any CPU.ActiveCfg = Debug|Any CPU
		{5AEDE211-FDEC-47F6-B27F-20E72AB7376C}.Debug|Any CPU.Build.0 = Debug|Any CPU
		{5AEDE211-FDEC-47F6-B27F-20E72AB7376C}.Release|Any CPU.ActiveCfg = Release|Any CPU
		{5AEDE211-FDEC-47F6-B27F-20E72AB7376C}.Release|Any CPU.Build.0 = Release|Any CPU
		{EADBBE65-3D8A-42E8-AB55-9E4F6CC24C9B}.Debug|Any CPU.ActiveCfg = Debug|Any CPU
		{EADBBE65-3D8A-42E8-AB55-9E4F6CC24C9B}.Debug|Any CPU.Build.0 = Debug|Any CPU
		{EADBBE65-3D8A-42E8-AB55-9E4F6CC24C9B}.Release|Any CPU.ActiveCfg = Release|Any CPU
		{EADBBE65-3D8A-42E8-AB55-9E4F6CC24C9B}.Release|Any CPU.Build.0 = Release|Any CPU
		{94237EBB-D843-4575-8426-09B7E4524AF9}.Debug|Any CPU.ActiveCfg = Debug|Any CPU
		{94237EBB-D843-4575-8426-09B7E4524AF9}.Debug|Any CPU.Build.0 = Debug|Any CPU
		{94237EBB-D843-4575-8426-09B7E4524AF9}.Release|Any CPU.ActiveCfg = Release|Any CPU
		{94237EBB-D843-4575-8426-09B7E4524AF9}.Release|Any CPU.Build.0 = Release|Any CPU
		{1A22006C-21CE-4739-AA68-DCC777EC01C9}.Debug|Any CPU.ActiveCfg = Debug|Any CPU
		{1A22006C-21CE-4739-AA68-DCC777EC01C9}.Debug|Any CPU.Build.0 = Debug|Any CPU
		{1A22006C-21CE-4739-AA68-DCC777EC01C9}.Release|Any CPU.ActiveCfg = Release|Any CPU
		{1A22006C-21CE-4739-AA68-DCC777EC01C9}.Release|Any CPU.Build.0 = Release|Any CPU
		{543FD139-7A18-4291-BCBD-1D1CEB01F0BE}.Debug|Any CPU.ActiveCfg = Debug|Any CPU
		{543FD139-7A18-4291-BCBD-1D1CEB01F0BE}.Debug|Any CPU.Build.0 = Debug|Any CPU
		{543FD139-7A18-4291-BCBD-1D1CEB01F0BE}.Release|Any CPU.ActiveCfg = Release|Any CPU
		{543FD139-7A18-4291-BCBD-1D1CEB01F0BE}.Release|Any CPU.Build.0 = Release|Any CPU
		{7C2D7D47-3718-4D2B-BE57-2276C06E7F34}.Debug|Any CPU.ActiveCfg = Debug|Any CPU
		{7C2D7D47-3718-4D2B-BE57-2276C06E7F34}.Debug|Any CPU.Build.0 = Debug|Any CPU
		{7C2D7D47-3718-4D2B-BE57-2276C06E7F34}.Release|Any CPU.ActiveCfg = Release|Any CPU
		{7C2D7D47-3718-4D2B-BE57-2276C06E7F34}.Release|Any CPU.Build.0 = Release|Any CPU
		{4FBB2B55-961C-4C23-976C-9BA4E9208D73}.Debug|Any CPU.ActiveCfg = Debug|Any CPU
		{4FBB2B55-961C-4C23-976C-9BA4E9208D73}.Debug|Any CPU.Build.0 = Debug|Any CPU
		{4FBB2B55-961C-4C23-976C-9BA4E9208D73}.Release|Any CPU.ActiveCfg = Release|Any CPU
		{4FBB2B55-961C-4C23-976C-9BA4E9208D73}.Release|Any CPU.Build.0 = Release|Any CPU
		{A28ABFA7-7C10-4BAB-B75C-1304F3FB5656}.Debug|Any CPU.ActiveCfg = Debug|Any CPU
		{A28ABFA7-7C10-4BAB-B75C-1304F3FB5656}.Debug|Any CPU.Build.0 = Debug|Any CPU
		{A28ABFA7-7C10-4BAB-B75C-1304F3FB5656}.Release|Any CPU.ActiveCfg = Release|Any CPU
		{A28ABFA7-7C10-4BAB-B75C-1304F3FB5656}.Release|Any CPU.Build.0 = Release|Any CPU
	EndGlobalSection
	GlobalSection(SolutionProperties) = preSolution
		HideSolutionNode = FALSE
	EndGlobalSection
	GlobalSection(NestedProjects) = preSolution
		{D4AF53C5-AE06-4572-AFFF-BD0FFAA11FCF} = {A2A094E7-7391-4460-BAB2-3A3BDE6A08C5}
		{F08677E5-1D82-4586-AE1D-D1AC369A2B39} = {0F9F4A75-5B75-424D-9417-CED857051BCD}
		{5AEDE211-FDEC-47F6-B27F-20E72AB7376C} = {D9EC6833-6D72-4CC2-B8B5-A2388E3A8993}
		{EADBBE65-3D8A-42E8-AB55-9E4F6CC24C9B} = {62F0EAEB-6D6C-45C1-AECD-BC8A7954CF82}
		{94237EBB-D843-4575-8426-09B7E4524AF9} = {8E35C905-47DE-4768-92BF-7C833E5C8C34}
		{1A22006C-21CE-4739-AA68-DCC777EC01C9} = {7DA7841E-F7CC-4EA8-8CFA-2BBC1B77EF9E}
		{543FD139-7A18-4291-BCBD-1D1CEB01F0BE} = {CB0F18E4-F9CA-4BB5-AA89-DE6213D39BAA}
		{7C2D7D47-3718-4D2B-BE57-2276C06E7F34} = {5EB1CD47-6BC8-4ED9-8941-061EEBABB086}
		{4FBB2B55-961C-4C23-976C-9BA4E9208D73} = {B57922B4-D24C-47D4-95A4-1F8084FEC601}
		{A28ABFA7-7C10-4BAB-B75C-1304F3FB5656} = {DACF24CC-8E71-4F02-8849-33E1A3039D78}
	EndGlobalSection
	GlobalSection(ExtensibilityGlobals) = postSolution
		SolutionGuid = {7EFA2A5A-9691-4A8A-A7CB-E80AAB4B450E}
	EndGlobalSection
EndGlobal
